
Microsoft Visual Studio Solution File, Format Version 12.00
# Visual Studio Version 16
VisualStudioVersion = 16.0.31729.503
MinimumVisualStudioVersion = 10.0.40219.1
Project("{FAE04EC0-301F-11D3-BF4B-00C04F79EFBC}") = "YilbasiCekilisi", "YilbasiCekilisi\YilbasiCekilisi.csproj", "{ABB54586-8F11-4F9D-B255-5FD6ACC33579}"
EndProject
Global
	GlobalSection(SolutionConfigurationPlatforms) = preSolution
		Debug|Any CPU = Debug|Any CPU
		Release|Any CPU = Release|Any CPU
	EndGlobalSection
	GlobalSection(ProjectConfigurationPlatforms) = postSolution
		{ABB54586-8F11-4F9D-B255-5FD6ACC33579}.Debug|Any CPU.ActiveCfg = Debug|Any CPU
		{ABB54586-8F11-4F9D-B255-5FD6ACC33579}.Debug|Any CPU.Build.0 = Debug|Any CPU
		{ABB54586-8F11-4F9D-B255-5FD6ACC33579}.Release|Any CPU.ActiveCfg = Release|Any CPU
		{ABB54586-8F11-4F9D-B255-5FD6ACC33579}.Release|Any CPU.Build.0 = Release|Any CPU
	EndGlobalSection
	GlobalSection(SolutionProperties) = preSolution
		HideSolutionNode = FALSE
	EndGlobalSection
	GlobalSection(ExtensibilityGlobals) = postSolution
		SolutionGuid = {BE4509F0-6187-44AB-A1CE-A62ABC2AF090}
	EndGlobalSection
EndGlobal
